<?xml version="1.0" encoding="utf-8"?>
<Project ToolsVersion="15.0" xmlns="http://schemas.microsoft.com/developer/msbuild/2003">
  <ItemGroup>
    <ClCompile Include="C:\Users\dell\Desktop\dlib\dlib\cmake_utils\test_for_neon\neon_test.cpp">
      <Filter>Source Files</Filter>
    </ClCompile>
  </ItemGroup>
  <ItemGroup>
    <CustomBuild Include="C:\Users\dell\Desktop\dlib\dlib\cmake_utils\test_for_neon\CMakeLists.txt" />
  </ItemGroup>
  <ItemGroup>
    <Filter Include="Source Files">
      <UniqueIdentifier>{C167B5AF-2B1B-3131-A3DC-35BCF3230D01}</UniqueIdentifier>
    </Filter>
  </ItemGroup>
</Project>
