<?xml version="1.0" encoding="utf-8"?>
<Project ToolsVersion="15.0" xmlns="http://schemas.microsoft.com/developer/msbuild/2003">
  <ItemGroup>
    <CustomBuild Include="C:\Users\dell\Desktop\dlib\build\o\dlib\neon_test_build\CMakeFiles\7fe41f3125128598928641bd7ae2c2af\generate.stamp.rule">
      <Filter>CMake Rules</Filter>
    </CustomBuild>
  </ItemGroup>
  <ItemGroup>
    <Filter Include="CMake Rules">
      <UniqueIdentifier>{5904E677-3253-3131-A03A-C4B8F56C2955}</UniqueIdentifier>
    </Filter>
  </ItemGroup>
</Project>
